// !$*UTF8*$!
{
	archiveVersion = 1;
	classes = {
	};
	objectVersion = 50;
	objects = {

/* Begin PBXBuildFile section */
		4F78F8B8266D8836008D2321 /* AppDelegate.swift in Sources */ = {isa = PBXBuildFile; fileRef = 4F78F8B7266D8836008D2321 /* AppDelegate.swift */; };
		4F78F8BA266D8836008D2321 /* SceneDelegate.swift in Sources */ = {isa = PBXBuildFile; fileRef = 4F78F8B9266D8836008D2321 /* SceneDelegate.swift */; };
		4F78F8BC266D8836008D2321 /* ViewController.swift in Sources */ = {isa = PBXBuildFile; fileRef = 4F78F8BB266D8836008D2321 /* ViewController.swift */; };
		4F78F8BF266D8836008D2321 /* Main.storyboard in Resources */ = {isa = PBXBuildFile; fileRef = 4F78F8BD266D8836008D2321 /* Main.storyboard */; };
		4F78F8C2266D8836008D2321 /* tableViewUserDefaults.xcdatamodeld in Sources */ = {isa = PBXBuildFile; fileRef = 4F78F8C0266D8836008D2321 /* tableViewUserDefaults.xcdatamodeld */; };
		4F78F8C4266D883E008D2321 /* Assets.xcassets in Resources */ = {isa = PBXBuildFile; fileRef = 4F78F8C3266D883E008D2321 /* Assets.xcassets */; };
		4F78F8C7266D883E008D2321 /* LaunchScreen.storyboard in Resources */ = {isa = PBXBuildFile; fileRef = 4F78F8C5266D883E008D2321 /* LaunchScreen.storyboard */; };
		4F78F8CF266DA0B2008D2321 /* Balham.otf in Resources */ = {isa = PBXBuildFile; fileRef = 4F78F8CE266DA0B1008D2321 /* Balham.otf */; };
		4F78F8D1266DA4C7008D2321 /* Student.swift in Sources */ = {isa = PBXBuildFile; fileRef = 4F78F8D0266DA4C7008D2321 /* Student.swift */; };
		4F78F8D3266DB0BC008D2321 /* customCellTableViewCell.swift in Sources */ = {isa = PBXBuildFile; fileRef = 4F78F8D2266DB0BC008D2321 /* customCellTableViewCell.swift */; };
		4F78F8D5266DBF88008D2321 /* addUser.swift in Sources */ = {isa = PBXBuildFile; fileRef = 4F78F8D4266DBF88008D2321 /* addUser.swift */; };
/* End PBXBuildFile section */

/* Begin PBXFileReference section */
		4F78F8B4266D8836008D2321 /* tableViewUserDefaults.app */ = {isa = PBXFileReference; explicitFileType = wrapper.application; includeInIndex = 0; path = tableViewUserDefaults.app; sourceTree = BUILT_PRODUCTS_DIR; };
		4F78F8B7266D8836008D2321 /* AppDelegate.swift */ = {isa = PBXFileReference; lastKnownFileType = sourcecode.swift; path = AppDelegate.swift; sourceTree = "<group>"; };
		4F78F8B9266D8836008D2321 /* SceneDelegate.swift */ = {isa = PBXFileReference; lastKnownFileType = sourcecode.swift; path = SceneDelegate.swift; sourceTree = "<group>"; };
		4F78F8BB266D8836008D2321 /* ViewController.swift */ = {isa = PBXFileReference; lastKnownFileType = sourcecode.swift; path = ViewController.swift; sourceTree = "<group>"; };
		4F78F8BE266D8836008D2321 /* Base */ = {isa = PBXFileReference; lastKnownFileType = file.storyboard; name = Base; path = Base.lproj/Main.storyboard; sourceTree = "<group>"; };
		4F78F8C1266D8836008D2321 /* tableViewUserDefaults.xcdatamodel */ = {isa = PBXFileReference; lastKnownFileType = wrapper.xcdatamodel; path = tableViewUserDefaults.xcdatamodel; sourceTree = "<group>"; };
		4F78F8C3266D883E008D2321 /* Assets.xcassets */ = {isa = PBXFileReference; lastKnownFileType = folder.assetcatalog; path = Assets.xcassets; sourceTree = "<group>"; };
		4F78F8C6266D883E008D2321 /* Base */ = {isa = PBXFileReference; lastKnownFileType = file.storyboard; name = Base; path = Base.lproj/LaunchScreen.storyboard; sourceTree = "<group>"; };
		4F78F8C8266D883E008D2321 /* Info.plist */ = {isa = PBXFileReference; lastKnownFileType = text.plist.xml; path = Info.plist; sourceTree = "<group>"; };
		4F78F8CE266DA0B1008D2321 /* Balham.otf */ = {isa = PBXFileReference; lastKnownFileType = file; path = Balham.otf; sourceTree = "<group>"; };
		4F78F8D0266DA4C7008D2321 /* Student.swift */ = {isa = PBXFileReference; lastKnownFileType = sourcecode.swift; path = Student.swift; sourceTree = "<group>"; };
		4F78F8D2266DB0BC008D2321 /* customCellTableViewCell.swift */ = {isa = PBXFileReference; lastKnownFileType = sourcecode.swift; path = customCellTableViewCell.swift; sourceTree = "<group>"; };
		4F78F8D4266DBF88008D2321 /* addUser.swift */ = {isa = PBXFileReference; lastKnownFileType = sourcecode.swift; path = addUser.swift; sourceTree = "<group>"; };
/* End PBXFileReference section */

/* Begin PBXFrameworksBuildPhase section */
		4F78F8B1266D8836008D2321 /* Frameworks */ = {
			isa = PBXFrameworksBuildPhase;
			buildActionMask = 2147483647;
			files = (
			);
			runOnlyForDeploymentPostprocessing = 0;
		};
/* End PBXFrameworksBuildPhase section */

/* Begin PBXGroup section */
		4F78F8AB266D8836008D2321 = {
			isa = PBXGroup;
			children = (
				4F78F8B6266D8836008D2321 /* tableViewUserDefaults */,
				4F78F8B5266D8836008D2321 /* Products */,
			);
			sourceTree = "<group>";
		};
		4F78F8B5266D8836008D2321 /* Products */ = {
			isa = PBXGroup;
			children = (
				4F78F8B4266D8836008D2321 /* tableViewUserDefaults.app */,
			);
			name = Products;
			sourceTree = "<group>";
		};
		4F78F8B6266D8836008D2321 /* tableViewUserDefaults */ = {
			isa = PBXGroup;
			children = (
				4F78F8CE266DA0B1008D2321 /* Balham.otf */,
				4F78F8D0266DA4C7008D2321 /* Student.swift */,
				4F78F8B7266D8836008D2321 /* AppDelegate.swift */,
				4F78F8D2266DB0BC008D2321 /* customCellTableViewCell.swift */,
				4F78F8B9266D8836008D2321 /* SceneDelegate.swift */,
				4F78F8D4266DBF88008D2321 /* addUser.swift */,
				4F78F8BB266D8836008D2321 /* ViewController.swift */,
				4F78F8BD266D8836008D2321 /* Main.storyboard */,
				4F78F8C3266D883E008D2321 /* Assets.xcassets */,
				4F78F8C5266D883E008D2321 /* LaunchScreen.storyboard */,
				4F78F8C8266D883E008D2321 /* Info.plist */,
				4F78F8C0266D8836008D2321 /* tableViewUserDefaults.xcdatamodeld */,
			);
			path = tableViewUserDefaults;
			sourceTree = "<group>";
		};
/* End PBXGroup section */

/* Begin PBXNativeTarget section */
		4F78F8B3266D8836008D2321 /* tableViewUserDefaults */ = {
			isa = PBXNativeTarget;
			buildConfigurationList = 4F78F8CB266D883E008D2321 /* Build configuration list for PBXNativeTarget "tableViewUserDefaults" */;
			buildPhases = (
				4F78F8B0266D8836008D2321 /* Sources */,
				4F78F8B1266D8836008D2321 /* Frameworks */,
				4F78F8B2266D8836008D2321 /* Resources */,
			);
			buildRules = (
			);
			dependencies = (
			);
			name = tableViewUserDefaults;
			productName = tableViewUserDefaults;
			productReference = 4F78F8B4266D8836008D2321 /* tableViewUserDefaults.app */;
			productType = "com.apple.product-type.application";
		};
/* End PBXNativeTarget section */

/* Begin PBXProject section */
		4F78F8AC266D8836008D2321 /* Project object */ = {
			isa = PBXProject;
			attributes = {
				LastSwiftUpdateCheck = 1130;
				LastUpgradeCheck = 1130;
				ORGANIZATIONNAME = "Mehdi Benrefad";
				TargetAttributes = {
					4F78F8B3266D8836008D2321 = {
						CreatedOnToolsVersion = 11.3.1;
					};
				};
			};
			buildConfigurationList = 4F78F8AF266D8836008D2321 /* Build configuration list for PBXProject "tableViewUserDefaults" */;
			compatibilityVersion = "Xcode 9.3";
			developmentRegion = en;
			hasScannedForEncodings = 0;
			knownRegions = (
				en,
				Base,
			);
			mainGroup = 4F78F8AB266D8836008D2321;
			productRefGroup = 4F78F8B5266D8836008D2321 /* Products */;
			projectDirPath = "";
			projectRoot = "";
			targets = (
				4F78F8B3266D8836008D2321 /* tableViewUserDefaults */,
			);
		};
/* End PBXProject section */

/* Begin PBXResourcesBuildPhase section */
		4F78F8B2266D8836008D2321 /* Resources */ = {
			isa = PBXResourcesBuildPhase;
			buildActionMask = 2147483647;
			files = (
				4F78F8C7266D883E008D2321 /* LaunchScreen.storyboard in Resources */,
				4F78F8C4266D883E008D2321 /* Assets.xcassets in Resources */,
				4F78F8CF266DA0B2008D2321 /* Balham.otf in Resources */,
				4F78F8BF266D8836008D2321 /* Main.storyboard in Resources */,
			);
			runOnlyForDeploymentPostprocessing = 0;
		};
/* End PBXResourcesBuildPhase section */

/* Begin PBXSourcesBuildPhase section */
		4F78F8B0266D8836008D2321 /* Sources */ = {
			isa = PBXSourcesBuildPhase;
			buildActionMask = 2147483647;
			files = (
				4F78F8C2266D8836008D2321 /* tableViewUserDefaults.xcdatamodeld in Sources */,
				4F78F8D5266DBF88008D2321 /* addUser.swift in Sources */,
				4F78F8BC266D8836008D2321 /* ViewController.swift in Sources */,
				4F78F8B8266D8836008D2321 /* AppDelegate.swift in Sources */,
				4F78F8D1266DA4C7008D2321 /* Student.swift in Sources */,
				4F78F8D3266DB0BC008D2321 /* customCellTableViewCell.swift in Sources */,
				4F78F8BA266D8836008D2321 /* SceneDelegate.swift in Sources */,
			);
			runOnlyForDeploymentPostprocessing = 0;
		};
/* End PBXSourcesBuildPhase section */

/* Begin PBXVariantGroup section */
		4F78F8BD266D8836008D2321 /* Main.storyboard */ = {
			isa = PBXVariantGroup;
			children = (
				4F78F8BE266D8836008D2321 /* Base */,
			);
			name = Main.storyboard;
			sourceTree = "<group>";
		};
		4F78F8C5266D883E008D2321 /* LaunchScreen.storyboard */ = {
			isa = PBXVariantGroup;
			children = (
				4F78F8C6266D883E008D2321 /* Base */,
			);
			name = LaunchScreen.storyboard;
			sourceTree = "<group>";
		};
/* End PBXVariantGroup section */

/* Begin XCBuildConfiguration section */
		4F78F8C9266D883E008D2321 /* Debug */ = {
			isa = XCBuildConfiguration;
			buildSettings = {
				ALWAYS_SEARCH_USER_PATHS = NO;
				CLANG_ANALYZER_NONNULL = YES;
				CLANG_ANALYZER_NUMBER_OBJECT_CONVERSION = YES_AGGRESSIVE;
				CLANG_CXX_LANGUAGE_STANDARD = "gnu++14";
				CLANG_CXX_LIBRARY = "libc++";
				CLANG_ENABLE_MODULES = YES;
				CLANG_ENABLE_OBJC_ARC = YES;
				CLANG_ENABLE_OBJC_WEAK = YES;
				CLANG_WARN_BLOCK_CAPTURE_AUTORELEASING = YES;
				CLANG_WARN_BOOL_CONVERSION = YES;
				CLANG_WARN_COMMA = YES;
				CLANG_WARN_CONSTANT_CONVERSION = YES;
				CLANG_WARN_DEPRECATED_OBJC_IMPLEMENTATIONS = YES;
				CLANG_WARN_DIRECT_OBJC_ISA_USAGE = YES_ERROR;
				CLANG_WARN_DOCUMENTATION_COMMENTS = YES;
				CLANG_WARN_EMPTY_BODY = YES;
				CLANG_WARN_ENUM_CONVERSION = YES;
				CLANG_WARN_INFINITE_RECURSION = YES;
				CLANG_WARN_INT_CONVERSION = YES;
				CLANG_WARN_NON_LITERAL_NULL_CONVERSION = YES;
				CLANG_WARN_OBJC_IMPLICIT_RETAIN_SELF = YES;
				CLANG_WARN_OBJC_LITERAL_CONVERSION = YES;
				CLANG_WARN_OBJC_ROOT_CLASS = YES_ERROR;
				CLANG_WARN_RANGE_LOOP_ANALYSIS = YES;
				CLANG_WARN_STRICT_PROTOTYPES = YES;
				CLANG_WARN_SUSPICIOUS_MOVE = YES;
				CLANG_WARN_UNGUARDED_AVAILABILITY = YES_AGGRESSIVE;
				CLANG_WARN_UNREACHABLE_CODE = YES;
				CLANG_WARN__DUPLICATE_METHOD_MATCH = YES;
				COPY_PHASE_STRIP = NO;
				DEBUG_INFORMATION_FORMAT = dwarf;
				ENABLE_STRICT_OBJC_MSGSEND = YES;
				ENABLE_TESTABILITY = YES;
				GCC_C_LANGUAGE_STANDARD = gnu11;
				GCC_DYNAMIC_NO_PIC = NO;
				GCC_NO_COMMON_BLOCKS = YES;
				GCC_OPTIMIZATION_LEVEL = 0;
				GCC_PREPROCESSOR_DEFINITIONS = (
					"DEBUG=1",
					"$(inherited)",
				);
				GCC_WARN_64_TO_32_BIT_CONVERSION = YES;
				GCC_WARN_ABOUT_RETURN_TYPE = YES_ERROR;
				GCC_WARN_UNDECLARED_SELECTOR = YES;
				GCC_WARN_UNINITIALIZED_AUTOS = YES_AGGRESSIVE;
				GCC_WARN_UNUSED_FUNCTION = YES;
				GCC_WARN_UNUSED_VARIABLE = YES;
				IPHONEOS_DEPLOYMENT_TARGET = 13.2;
				MTL_ENABLE_DEBUG_INFO = INCLUDE_SOURCE;
				MTL_FAST_MATH = YES;
				ONLY_ACTIVE_ARCH = YES;
				SDKROOT = iphoneos;
				SWIFT_ACTIVE_COMPILATION_CONDITIONS = DEBUG;
				SWIFT_OPTIMIZATION_LEVEL = "-Onone";
			};
			name = Debug;
		};
		4F78F8CA266D883E008D2321 /* Release */ = {
			isa = XCBuildConfiguration;
			buildSettings = {
				ALWAYS_SEARCH_USER_PATHS = NO;
				CLANG_ANALYZER_NONNULL = YES;
				CLANG_ANALYZER_NUMBER_OBJECT_CONVERSION = YES_AGGRESSIVE;
				CLANG_CXX_LANGUAGE_STANDARD = "gnu++14";
				CLANG_CXX_LIBRARY = "libc++";
				CLANG_ENABLE_MODULES = YES;
				CLANG_ENABLE_OBJC_ARC = YES;
				CLANG_ENABLE_OBJC_WEAK = YES;
				CLANG_WARN_BLOCK_CAPTURE_AUTORELEASING = YES;
				CLANG_WARN_BOOL_CONVERSION = YES;
				CLANG_WARN_COMMA = YES;
				CLANG_WARN_CONSTANT_CONVERSION = YES;
				CLANG_WARN_DEPRECATED_OBJC_IMPLEMENTATIONS = YES;
				CLANG_WARN_DIRECT_OBJC_ISA_USAGE = YES_ERROR;
				CLANG_WARN_DOCUMENTATION_COMMENTS = YES;
				CLANG_WARN_EMPTY_BODY = YES;
				CLANG_WARN_ENUM_CONVERSION = YES;
				CLANG_WARN_INFINITE_RECURSION = YES;
				CLANG_WARN_INT_CONVERSION = YES;
				CLANG_WARN_NON_LITERAL_NULL_CONVERSION = YES;
				CLANG_WARN_OBJC_IMPLICIT_RETAIN_SELF = YES;
				CLANG_WARN_OBJC_LITERAL_CONVERSION = YES;
				CLANG_WARN_OBJC_ROOT_CLASS = YES_ERROR;
				CLANG_WARN_RANGE_LOOP_ANALYSIS = YES;
				CLANG_WARN_STRICT_PROTOTYPES = YES;
				CLANG_WARN_SUSPICIOUS_MOVE = YES;
				CLANG_WARN_UNGUARDED_AVAILABILITY = YES_AGGRESSIVE;
				CLANG_WARN_UNREACHABLE_CODE = YES;
				CLANG_WARN__DUPLICATE_METHOD_MATCH = YES;
				COPY_PHASE_STRIP = NO;
				DEBUG_INFORMATION_FORMAT = "dwarf-with-dsym";
				ENABLE_NS_ASSERTIONS = NO;
				ENABLE_STRICT_OBJC_MSGSEND = YES;
				GCC_C_LANGUAGE_STANDARD = gnu11;
				GCC_NO_COMMON_BLOCKS = YES;
				GCC_WARN_64_TO_32_BIT_CONVERSION = YES;
				GCC_WARN_ABOUT_RETURN_TYPE = YES_ERROR;
				GCC_WARN_UNDECLARED_SELECTOR = YES;
				GCC_WARN_UNINITIALIZED_AUTOS = YES_AGGRESSIVE;
				GCC_WARN_UNUSED_FUNCTION = YES;
				GCC_WARN_UNUSED_VARIABLE = YES;
				IPHONEOS_DEPLOYMENT_TARGET = 13.2;
				MTL_ENABLE_DEBUG_INFO = NO;
				MTL_FAST_MATH = YES;
				SDKROOT = iphoneos;
				SWIFT_COMPILATION_MODE = wholemodule;
				SWIFT_OPTIMIZATION_LEVEL = "-O";
				VALIDATE_PRODUCT = YES;
			};
			name = Release;
		};
		4F78F8CC266D883E008D2321 /* Debug */ = {
			isa = XCBuildConfiguration;
			buildSettings = {
				ASSETCATALOG_COMPILER_APPICON_NAME = AppIcon;
				CODE_SIGN_STYLE = Automatic;
				INFOPLIST_FILE = tableViewUserDefaults/Info.plist;
				LD_RUNPATH_SEARCH_PATHS = (
					"$(inherited)",
					"@executable_path/Frameworks",
				);
				PRODUCT_BUNDLE_IDENTIFIER = "Mehdi-Benrefad.tableViewUserDefaults";
				PRODUCT_NAME = "$(TARGET_NAME)";
				SWIFT_VERSION = 5.0;
				TARGETED_DEVICE_FAMILY = "1,2";
			};
			name = Debug;
		};
		4F78F8CD266D883E008D2321 /* Release */ = {
			isa = XCBuildConfiguration;
			buildSettings = {
				ASSETCATALOG_COMPILER_APPICON_NAME = AppIcon;
				CODE_SIGN_STYLE = Automatic;
				INFOPLIST_FILE = tableViewUserDefaults/Info.plist;
				LD_RUNPATH_SEARCH_PATHS = (
					"$(inherited)",
					"@executable_path/Frameworks",
				);
				PRODUCT_BUNDLE_IDENTIFIER = "Mehdi-Benrefad.tableViewUserDefaults";
				PRODUCT_NAME = "$(TARGET_NAME)";
				SWIFT_VERSION = 5.0;
				TARGETED_DEVICE_FAMILY = "1,2";
			};
			name = Release;
		};
/* End XCBuildConfiguration section */

/* Begin XCConfigurationList section */
		4F78F8AF266D8836008D2321 /* Build configuration list for PBXProject "tableViewUserDefaults" */ = {
			isa = XCConfigurationList;
			buildConfigurations = (
				4F78F8C9266D883E008D2321 /* Debug */,
				4F78F8CA266D883E008D2321 /* Release */,
			);
			defaultConfigurationIsVisible = 0;
			defaultConfigurationName = Release;
		};
		4F78F8CB266D883E008D2321 /* Build configuration list for PBXNativeTarget "tableViewUserDefaults" */ = {
			isa = XCConfigurationList;
			buildConfigurations = (
				4F78F8CC266D883E008D2321 /* Debug */,
				4F78F8CD266D883E008D2321 /* Release */,
			);
			defaultConfigurationIsVisible = 0;
			defaultConfigurationName = Release;
		};
/* End XCConfigurationList section */

/* Begin XCVersionGroup section */
		4F78F8C0266D8836008D2321 /* tableViewUserDefaults.xcdatamodeld */ = {
			isa = XCVersionGroup;
			children = (
				4F78F8C1266D8836008D2321 /* tableViewUserDefaults.xcdatamodel */,
			);
			currentVersion = 4F78F8C1266D8836008D2321 /* tableViewUserDefaults.xcdatamodel */;
			path = tableViewUserDefaults.xcdatamodeld;
			sourceTree = "<group>";
			versionGroupType = wrapper.xcdatamodel;
		};
/* End XCVersionGroup section */
	};
	rootObject = 4F78F8AC266D8836008D2321 /* Project object */;
}
